
Microsoft Visual Studio Solution File, Format Version 11.00
# Visual Studio 2010
Project("{FAE04EC0-301F-11D3-BF4B-00C04F79EFBC}") = "Spider.Trading.OpenQuant3", "Spider.Trading.OpenQuant3\Spider.Trading.OpenQuant3.csproj", "{575F2DB8-0FAC-4C51-A922-3ED9C54FCB68}"
EndProject
Project("{FAE04EC0-301F-11D3-BF4B-00C04F79EFBC}") = "Spider.Trading.OpenQuant3.TestClient", "Spider.Trading.OpenQuant3.TestClient\Spider.Trading.OpenQuant3.TestClient.csproj", "{17DEE926-D1D5-42D5-A1F2-340F730F484C}"
EndProject
Global
	GlobalSection(TeamFoundationVersionControl) = preSolution
		SccNumberOfProjects = 3
		SccEnterpriseProvider = {4CA58AB2-18FA-4F8D-95D4-32DDF27D184C}
		SccTeamFoundationServer = http://fiji:8080/tfs/defaultcollection
		SccLocalPath0 = .
		SccProjectUniqueName1 = Spider.Trading.OpenQuant3\\Spider.Trading.OpenQuant3.csproj
		SccProjectName1 = Spider.Trading.OpenQuant3
		SccLocalPath1 = Spider.Trading.OpenQuant3
		SccProjectUniqueName2 = Spider.Trading.OpenQuant3.TestClient\\Spider.Trading.OpenQuant3.TestClient.csproj
		SccProjectName2 = Spider.Trading.OpenQuant3.TestClient
		SccLocalPath2 = Spider.Trading.OpenQuant3.TestClient
	EndGlobalSection
	GlobalSection(SolutionConfigurationPlatforms) = preSolution
		Debug|Any CPU = Debug|Any CPU
		Debug|Mixed Platforms = Debug|Mixed Platforms
		Debug|x86 = Debug|x86
		Release|Any CPU = Release|Any CPU
		Release|Mixed Platforms = Release|Mixed Platforms
		Release|x86 = Release|x86
	EndGlobalSection
	GlobalSection(ProjectConfigurationPlatforms) = postSolution
		{575F2DB8-0FAC-4C51-A922-3ED9C54FCB68}.Debug|Any CPU.ActiveCfg = Debug|Any CPU
		{575F2DB8-0FAC-4C51-A922-3ED9C54FCB68}.Debug|Any CPU.Build.0 = Debug|Any CPU
		{575F2DB8-0FAC-4C51-A922-3ED9C54FCB68}.Debug|Mixed Platforms.ActiveCfg = Debug|Any CPU
		{575F2DB8-0FAC-4C51-A922-3ED9C54FCB68}.Debug|Mixed Platforms.Build.0 = Debug|Any CPU
		{575F2DB8-0FAC-4C51-A922-3ED9C54FCB68}.Debug|x86.ActiveCfg = Debug|Any CPU
		{575F2DB8-0FAC-4C51-A922-3ED9C54FCB68}.Release|Any CPU.ActiveCfg = Release|Any CPU
		{575F2DB8-0FAC-4C51-A922-3ED9C54FCB68}.Release|Any CPU.Build.0 = Release|Any CPU
		{575F2DB8-0FAC-4C51-A922-3ED9C54FCB68}.Release|Mixed Platforms.ActiveCfg = Release|Any CPU
		{575F2DB8-0FAC-4C51-A922-3ED9C54FCB68}.Release|Mixed Platforms.Build.0 = Release|Any CPU
		{575F2DB8-0FAC-4C51-A922-3ED9C54FCB68}.Release|x86.ActiveCfg = Release|Any CPU
		{17DEE926-D1D5-42D5-A1F2-340F730F484C}.Debug|Any CPU.ActiveCfg = Debug|x86
		{17DEE926-D1D5-42D5-A1F2-340F730F484C}.Debug|Mixed Platforms.ActiveCfg = Debug|x86
		{17DEE926-D1D5-42D5-A1F2-340F730F484C}.Debug|Mixed Platforms.Build.0 = Debug|x86
		{17DEE926-D1D5-42D5-A1F2-340F730F484C}.Debug|x86.ActiveCfg = Debug|x86
		{17DEE926-D1D5-42D5-A1F2-340F730F484C}.Debug|x86.Build.0 = Debug|x86
		{17DEE926-D1D5-42D5-A1F2-340F730F484C}.Release|Any CPU.ActiveCfg = Release|x86
		{17DEE926-D1D5-42D5-A1F2-340F730F484C}.Release|Mixed Platforms.ActiveCfg = Release|x86
		{17DEE926-D1D5-42D5-A1F2-340F730F484C}.Release|Mixed Platforms.Build.0 = Release|x86
		{17DEE926-D1D5-42D5-A1F2-340F730F484C}.Release|x86.ActiveCfg = Release|x86
		{17DEE926-D1D5-42D5-A1F2-340F730F484C}.Release|x86.Build.0 = Release|x86
	EndGlobalSection
	GlobalSection(SolutionProperties) = preSolution
		HideSolutionNode = FALSE
	EndGlobalSection
EndGlobal
